
Microsoft Visual Studio Solution File, Format Version 12.00
# Visual Studio Version 17
VisualStudioVersion = 17.2.32616.157
MinimumVisualStudioVersion = 10.0.40219.1
Project("{FAE04EC0-301F-11D3-BF4B-00C04F79EFBC}") = "Inset_update_delete_HW", "Inset_update_delete_HW.csproj", "{2BB5F06B-FB30-4DCC-961A-4C86A8C5AC17}"
EndProject
Global
	GlobalSection(SolutionConfigurationPlatforms) = preSolution
		Debug|Any CPU = Debug|Any CPU
		Release|Any CPU = Release|Any CPU
	EndGlobalSection
	GlobalSection(ProjectConfigurationPlatforms) = postSolution
		{2BB5F06B-FB30-4DCC-961A-4C86A8C5AC17}.Debug|Any CPU.ActiveCfg = Debug|Any CPU
		{2BB5F06B-FB30-4DCC-961A-4C86A8C5AC17}.Debug|Any CPU.Build.0 = Debug|Any CPU
		{2BB5F06B-FB30-4DCC-961A-4C86A8C5AC17}.Release|Any CPU.ActiveCfg = Release|Any CPU
		{2BB5F06B-FB30-4DCC-961A-4C86A8C5AC17}.Release|Any CPU.Build.0 = Release|Any CPU
	EndGlobalSection
	GlobalSection(SolutionProperties) = preSolution
		HideSolutionNode = FALSE
	EndGlobalSection
	GlobalSection(ExtensibilityGlobals) = postSolution
		SolutionGuid = {D2DAC4C9-2C15-413D-BB62-4C2BCFCB6ABD}
	EndGlobalSection
EndGlobal
