
Microsoft Visual Studio Solution File, Format Version 12.00
# Visual Studio Version 17
VisualStudioVersion = 17.2.32616.157
MinimumVisualStudioVersion = 10.0.40219.1
Project("{FAE04EC0-301F-11D3-BF4B-00C04F79EFBC}") = "LinqExamples", "LinqExamples.csproj", "{C7646758-DB31-4962-BDE8-2DBB2AFD13DE}"
EndProject
Global
	GlobalSection(SolutionConfigurationPlatforms) = preSolution
		Debug|Any CPU = Debug|Any CPU
		Release|Any CPU = Release|Any CPU
	EndGlobalSection
	GlobalSection(ProjectConfigurationPlatforms) = postSolution
		{C7646758-DB31-4962-BDE8-2DBB2AFD13DE}.Debug|Any CPU.ActiveCfg = Debug|Any CPU
		{C7646758-DB31-4962-BDE8-2DBB2AFD13DE}.Debug|Any CPU.Build.0 = Debug|Any CPU
		{C7646758-DB31-4962-BDE8-2DBB2AFD13DE}.Release|Any CPU.ActiveCfg = Release|Any CPU
		{C7646758-DB31-4962-BDE8-2DBB2AFD13DE}.Release|Any CPU.Build.0 = Release|Any CPU
	EndGlobalSection
	GlobalSection(SolutionProperties) = preSolution
		HideSolutionNode = FALSE
	EndGlobalSection
	GlobalSection(ExtensibilityGlobals) = postSolution
		SolutionGuid = {B53B7944-4D81-4A37-A4A8-BEFDCA4AFFBF}
	EndGlobalSection
EndGlobal
